
Microsoft Visual Studio Solution File, Format Version 12.00
# Visual Studio Version 16
VisualStudioVersion = 16.0.31624.102
MinimumVisualStudioVersion = 10.0.40219.1
Project("{FAE04EC0-301F-11D3-BF4B-00C04F79EFBC}") = "Patterns", "Patterns\Patterns.csproj", "{A454A75D-E1C7-4423-BB9A-D4A65BAAE745}"
EndProject
Global
	GlobalSection(SolutionConfigurationPlatforms) = preSolution
		Debug|Any CPU = Debug|Any CPU
		Release|Any CPU = Release|Any CPU
	EndGlobalSection
	GlobalSection(ProjectConfigurationPlatforms) = postSolution
		{A454A75D-E1C7-4423-BB9A-D4A65BAAE745}.Debug|Any CPU.ActiveCfg = Debug|Any CPU
		{A454A75D-E1C7-4423-BB9A-D4A65BAAE745}.Debug|Any CPU.Build.0 = Debug|Any CPU
		{A454A75D-E1C7-4423-BB9A-D4A65BAAE745}.Release|Any CPU.ActiveCfg = Release|Any CPU
		{A454A75D-E1C7-4423-BB9A-D4A65BAAE745}.Release|Any CPU.Build.0 = Release|Any CPU
	EndGlobalSection
	GlobalSection(SolutionProperties) = preSolution
		HideSolutionNode = FALSE
	EndGlobalSection
	GlobalSection(ExtensibilityGlobals) = postSolution
		SolutionGuid = {178B70AC-77DE-49B0-B4BD-A68BDB27B3CC}
	EndGlobalSection
EndGlobal
